
Microsoft Visual Studio Solution File, Format Version 12.00
# Visual Studio Version 17
VisualStudioVersion = 17.8.34525.116
MinimumVisualStudioVersion = 10.0.40219.1
Project("{9A19103F-16F7-4668-BE54-9A1E7A4F7556}") = "IdentityServer.Domain", "SourceCode\Negin.IdentityServer.Domain\IdentityServer.Domain.csproj", "{C14DDC4D-C415-4375-82DA-FC2E0A03C7A0}"
EndProject
Project("{9A19103F-16F7-4668-BE54-9A1E7A4F7556}") = "IdentityServer.Application", "SourceCode\Negin.IdentityServer.Application\IdentityServer.Application.csproj", "{705D57AF-7F66-47B9-A3C9-8F8CE40796F8}"
EndProject
Project("{9A19103F-16F7-4668-BE54-9A1E7A4F7556}") = "IdentityServer.Infrastructure", "SourceCode\Negin.IdentityServer.Infrastructure\IdentityServer.Infrastructure.csproj", "{9F5BF052-B6B5-4494-A2F2-E4AAAD5912FE}"
EndProject
Project("{9A19103F-16F7-4668-BE54-9A1E7A4F7556}") = "IdentityServer.Api", "SourceCode\negin.identityserver.api\IdentityServer.Api.csproj", "{8B527B09-10C2-43C9-82A0-6CA1CF2755E5}"
EndProject
Global
	GlobalSection(SolutionConfigurationPlatforms) = preSolution
		Debug|Any CPU = Debug|Any CPU
		Live|Any CPU = Live|Any CPU
		Release|Any CPU = Release|Any CPU
	EndGlobalSection
	GlobalSection(ProjectConfigurationPlatforms) = postSolution
		{C14DDC4D-C415-4375-82DA-FC2E0A03C7A0}.Debug|Any CPU.ActiveCfg = Debug|Any CPU
		{C14DDC4D-C415-4375-82DA-FC2E0A03C7A0}.Debug|Any CPU.Build.0 = Debug|Any CPU
		{C14DDC4D-C415-4375-82DA-FC2E0A03C7A0}.Live|Any CPU.ActiveCfg = Live|Any CPU
		{C14DDC4D-C415-4375-82DA-FC2E0A03C7A0}.Live|Any CPU.Build.0 = Live|Any CPU
		{C14DDC4D-C415-4375-82DA-FC2E0A03C7A0}.Release|Any CPU.ActiveCfg = Release|Any CPU
		{C14DDC4D-C415-4375-82DA-FC2E0A03C7A0}.Release|Any CPU.Build.0 = Release|Any CPU
		{705D57AF-7F66-47B9-A3C9-8F8CE40796F8}.Debug|Any CPU.ActiveCfg = Debug|Any CPU
		{705D57AF-7F66-47B9-A3C9-8F8CE40796F8}.Debug|Any CPU.Build.0 = Debug|Any CPU
		{705D57AF-7F66-47B9-A3C9-8F8CE40796F8}.Live|Any CPU.ActiveCfg = Live|Any CPU
		{705D57AF-7F66-47B9-A3C9-8F8CE40796F8}.Live|Any CPU.Build.0 = Live|Any CPU
		{705D57AF-7F66-47B9-A3C9-8F8CE40796F8}.Release|Any CPU.ActiveCfg = Release|Any CPU
		{705D57AF-7F66-47B9-A3C9-8F8CE40796F8}.Release|Any CPU.Build.0 = Release|Any CPU
		{9F5BF052-B6B5-4494-A2F2-E4AAAD5912FE}.Debug|Any CPU.ActiveCfg = Debug|Any CPU
		{9F5BF052-B6B5-4494-A2F2-E4AAAD5912FE}.Debug|Any CPU.Build.0 = Debug|Any CPU
		{9F5BF052-B6B5-4494-A2F2-E4AAAD5912FE}.Live|Any CPU.ActiveCfg = Live|Any CPU
		{9F5BF052-B6B5-4494-A2F2-E4AAAD5912FE}.Live|Any CPU.Build.0 = Live|Any CPU
		{9F5BF052-B6B5-4494-A2F2-E4AAAD5912FE}.Release|Any CPU.ActiveCfg = Release|Any CPU
		{9F5BF052-B6B5-4494-A2F2-E4AAAD5912FE}.Release|Any CPU.Build.0 = Release|Any CPU
		{8B527B09-10C2-43C9-82A0-6CA1CF2755E5}.Debug|Any CPU.ActiveCfg = Debug|Any CPU
		{8B527B09-10C2-43C9-82A0-6CA1CF2755E5}.Debug|Any CPU.Build.0 = Debug|Any CPU
		{8B527B09-10C2-43C9-82A0-6CA1CF2755E5}.Live|Any CPU.ActiveCfg = Live|Any CPU
		{8B527B09-10C2-43C9-82A0-6CA1CF2755E5}.Live|Any CPU.Build.0 = Live|Any CPU
		{8B527B09-10C2-43C9-82A0-6CA1CF2755E5}.Release|Any CPU.ActiveCfg = Release|Any CPU
		{8B527B09-10C2-43C9-82A0-6CA1CF2755E5}.Release|Any CPU.Build.0 = Release|Any CPU
	EndGlobalSection
	GlobalSection(SolutionProperties) = preSolution
		HideSolutionNode = FALSE
	EndGlobalSection
	GlobalSection(ExtensibilityGlobals) = postSolution
		SolutionGuid = {698DF09B-6B2F-4914-A757-56F56456125C}
	EndGlobalSection
EndGlobal
